
Microsoft Visual Studio Solution File, Format Version 12.00
# Visual Studio 15
VisualStudioVersion = 15.0.27428.2037
MinimumVisualStudioVersion = 10.0.40219.1
Project("{9A19103F-16F7-4668-BE54-9A1E7A4F7556}") = "QuickStartIdentityServer", "QuickStartIdentityServer\QuickStartIdentityServer.csproj", "{3AC5A15D-C474-4886-8811-2BDA6D9A35AF}"
EndProject
Project("{9A19103F-16F7-4668-BE54-9A1E7A4F7556}") = "Api", "Api\Api.csproj", "{C5A439C4-92C3-4CDB-A4AC-70C2CAD07ADA}"
EndProject
Project("{9A19103F-16F7-4668-BE54-9A1E7A4F7556}") = "Client", "Client\Client.csproj", "{C742EDA4-E477-46F3-AA6F-F6818D90F461}"
EndProject
Project("{FAE04EC0-301F-11D3-BF4B-00C04F79EFBC}") = "OpenIDConnectMvc", "OpenIDConnectMvc\OpenIDConnectMvc.csproj", "{05F65692-CE69-452A-94D3-0EDD5463DE97}"
EndProject
Project("{2150E333-8FDC-42A3-9474-1A3956D46DE8}") = "Project", "Project", "{13D688F9-5FED-490B-B5A7-8D18B674536C}"
EndProject
Project("{FAE04EC0-301F-11D3-BF4B-00C04F79EFBC}") = "ProApi", "ProApi\ProApi.csproj", "{90353C34-2FCB-4932-AFC7-296617A3ABF9}"
EndProject
Project("{FAE04EC0-301F-11D3-BF4B-00C04F79EFBC}") = "SerApi", "SerApi\SerApi.csproj", "{AC86D4E3-C622-4D1C-A607-55D8917914DF}"
EndProject
Global
	GlobalSection(SolutionConfigurationPlatforms) = preSolution
		Debug|Any CPU = Debug|Any CPU
		Release|Any CPU = Release|Any CPU
	EndGlobalSection
	GlobalSection(ProjectConfigurationPlatforms) = postSolution
		{3AC5A15D-C474-4886-8811-2BDA6D9A35AF}.Debug|Any CPU.ActiveCfg = Debug|Any CPU
		{3AC5A15D-C474-4886-8811-2BDA6D9A35AF}.Debug|Any CPU.Build.0 = Debug|Any CPU
		{3AC5A15D-C474-4886-8811-2BDA6D9A35AF}.Release|Any CPU.ActiveCfg = Release|Any CPU
		{3AC5A15D-C474-4886-8811-2BDA6D9A35AF}.Release|Any CPU.Build.0 = Release|Any CPU
		{C5A439C4-92C3-4CDB-A4AC-70C2CAD07ADA}.Debug|Any CPU.ActiveCfg = Debug|Any CPU
		{C5A439C4-92C3-4CDB-A4AC-70C2CAD07ADA}.Debug|Any CPU.Build.0 = Debug|Any CPU
		{C5A439C4-92C3-4CDB-A4AC-70C2CAD07ADA}.Release|Any CPU.ActiveCfg = Release|Any CPU
		{C5A439C4-92C3-4CDB-A4AC-70C2CAD07ADA}.Release|Any CPU.Build.0 = Release|Any CPU
		{C742EDA4-E477-46F3-AA6F-F6818D90F461}.Debug|Any CPU.ActiveCfg = Debug|Any CPU
		{C742EDA4-E477-46F3-AA6F-F6818D90F461}.Debug|Any CPU.Build.0 = Debug|Any CPU
		{C742EDA4-E477-46F3-AA6F-F6818D90F461}.Release|Any CPU.ActiveCfg = Release|Any CPU
		{C742EDA4-E477-46F3-AA6F-F6818D90F461}.Release|Any CPU.Build.0 = Release|Any CPU
		{05F65692-CE69-452A-94D3-0EDD5463DE97}.Debug|Any CPU.ActiveCfg = Debug|Any CPU
		{05F65692-CE69-452A-94D3-0EDD5463DE97}.Debug|Any CPU.Build.0 = Debug|Any CPU
		{05F65692-CE69-452A-94D3-0EDD5463DE97}.Release|Any CPU.ActiveCfg = Release|Any CPU
		{05F65692-CE69-452A-94D3-0EDD5463DE97}.Release|Any CPU.Build.0 = Release|Any CPU
		{90353C34-2FCB-4932-AFC7-296617A3ABF9}.Debug|Any CPU.ActiveCfg = Debug|Any CPU
		{90353C34-2FCB-4932-AFC7-296617A3ABF9}.Debug|Any CPU.Build.0 = Debug|Any CPU
		{90353C34-2FCB-4932-AFC7-296617A3ABF9}.Release|Any CPU.ActiveCfg = Release|Any CPU
		{90353C34-2FCB-4932-AFC7-296617A3ABF9}.Release|Any CPU.Build.0 = Release|Any CPU
		{AC86D4E3-C622-4D1C-A607-55D8917914DF}.Debug|Any CPU.ActiveCfg = Debug|Any CPU
		{AC86D4E3-C622-4D1C-A607-55D8917914DF}.Debug|Any CPU.Build.0 = Debug|Any CPU
		{AC86D4E3-C622-4D1C-A607-55D8917914DF}.Release|Any CPU.ActiveCfg = Release|Any CPU
		{AC86D4E3-C622-4D1C-A607-55D8917914DF}.Release|Any CPU.Build.0 = Release|Any CPU
	EndGlobalSection
	GlobalSection(SolutionProperties) = preSolution
		HideSolutionNode = FALSE
	EndGlobalSection
	GlobalSection(NestedProjects) = preSolution
		{90353C34-2FCB-4932-AFC7-296617A3ABF9} = {13D688F9-5FED-490B-B5A7-8D18B674536C}
		{AC86D4E3-C622-4D1C-A607-55D8917914DF} = {13D688F9-5FED-490B-B5A7-8D18B674536C}
	EndGlobalSection
	GlobalSection(ExtensibilityGlobals) = postSolution
		SolutionGuid = {A29A78FC-BF6D-4835-A899-BD159FEAAE1C}
	EndGlobalSection
EndGlobal
