
Microsoft Visual Studio Solution File, Format Version 12.00
# Visual Studio 15
VisualStudioVersion = 15.0.27428.2037
MinimumVisualStudioVersion = 10.0.40219.1
Project("{FAE04EC0-301F-11D3-BF4B-00C04F79EFBC}") = "QuickStartIdentityServer", "QuickStartIdentityServer\QuickStartIdentityServer.csproj", "{3AC5A15D-C474-4886-8811-2BDA6D9A35AF}"
EndProject
Global
	GlobalSection(SolutionConfigurationPlatforms) = preSolution
		Debug|Any CPU = Debug|Any CPU
		Release|Any CPU = Release|Any CPU
	EndGlobalSection
	GlobalSection(ProjectConfigurationPlatforms) = postSolution
		{3AC5A15D-C474-4886-8811-2BDA6D9A35AF}.Debug|Any CPU.ActiveCfg = Debug|Any CPU
		{3AC5A15D-C474-4886-8811-2BDA6D9A35AF}.Debug|Any CPU.Build.0 = Debug|Any CPU
		{3AC5A15D-C474-4886-8811-2BDA6D9A35AF}.Release|Any CPU.ActiveCfg = Release|Any CPU
		{3AC5A15D-C474-4886-8811-2BDA6D9A35AF}.Release|Any CPU.Build.0 = Release|Any CPU
	EndGlobalSection
	GlobalSection(SolutionProperties) = preSolution
		HideSolutionNode = FALSE
	EndGlobalSection
	GlobalSection(ExtensibilityGlobals) = postSolution
		SolutionGuid = {A29A78FC-BF6D-4835-A899-BD159FEAAE1C}
	EndGlobalSection
EndGlobal
